
Microsoft Visual Studio Solution File, Format Version 12.00
# Visual Studio Version 16
VisualStudioVersion = 16.0.33927.289
MinimumVisualStudioVersion = 10.0.40219.1
Project("{2150E333-8FDC-42A3-9474-1A3956D46DE8}") = "Task0", "Task0", "{C59F7972-4AF2-4E33-A57A-748CD2114F7D}"
EndProject
Project("{FAE04EC0-301F-11D3-BF4B-00C04F79EFBC}") = "Tyuiu.BrovinaYV.Sprint0.Task0.V0", "Tyuiu.BrovinaYVSprint0.Task0.V0\Tyuiu.BrovinaYV.Sprint0.Task0.V0.csproj", "{37E233D3-07B2-49C0-9898-959BF9804977}"
EndProject
Project("{2150E333-8FDC-42A3-9474-1A3956D46DE8}") = "Task1", "Task1", "{AC00EFC5-2520-4458-AAA7-1F2D1493D8B5}"
EndProject
Project("{FAE04EC0-301F-11D3-BF4B-00C04F79EFBC}") = "Tyuiu.BrovinaYV.Sprint0.Task1.V0", "Tyuiu.BrovinaYV.Sprint0.Task1.V0\Tyuiu.BrovinaYV.Sprint0.Task1.V0.csproj", "{3ECC4DE7-6BDA-4214-B5A3-153C35167044}"
EndProject
Project("{2150E333-8FDC-42A3-9474-1A3956D46DE8}") = "Task2", "Task2", "{D66C4001-73B8-45B7-AD1D-03FDCDE01DFA}"
EndProject
Project("{FAE04EC0-301F-11D3-BF4B-00C04F79EFBC}") = "Tyuiu.BrovinaYV.Sprint0.Task2.V0", "Tyuiu.BrovinaYV.Sprint0.Task2.V0\Tyuiu.BrovinaYV.Sprint0.Task2.V0.csproj", "{ED086213-B473-4AD2-A131-953E71111BC0}"
EndProject
Project("{FAE04EC0-301F-11D3-BF4B-00C04F79EFBC}") = "Tyuiu.BrovinaYV.Sprint0.Task2.V0.Lib", "Tyuiu.BrovinaYV.Sprint0.Task2.V0.Lib\Tyuiu.BrovinaYV.Sprint0.Task2.V0.Lib.csproj", "{8A9094A9-515D-41F3-9B57-47C5F17C8CBC}"
EndProject
Project("{FAE04EC0-301F-11D3-BF4B-00C04F79EFBC}") = "Tyuiu.BrovinaYV.Sprint0.Task2.V0.Test", "Tyuiu.BrovinaYV.Sprint0.Task2.V0.Test\Tyuiu.BrovinaYV.Sprint0.Task2.V0.Test.csproj", "{5B5D8FDE-5BCB-4350-B0E0-181DD7491F1A}"
EndProject
Project("{2150E333-8FDC-42A3-9474-1A3956D46DE8}") = "Task3", "Task3", "{2787FE56-252B-4FE3-A1F2-72DA4A44A905}"
EndProject
Project("{FAE04EC0-301F-11D3-BF4B-00C04F79EFBC}") = "Tyuiu.BrovinaYV.Sprint0.Task3.V0", "Tyuiu.BrovinaYV.Sprint0.Task3.V0\Tyuiu.BrovinaYV.Sprint0.Task3.V0.csproj", "{98BC7C45-24F7-4FF1-91F1-B4B38A10D235}"
EndProject
Project("{FAE04EC0-301F-11D3-BF4B-00C04F79EFBC}") = "Tyuiu.BrovinaYV.Sprint0.Task3.V0.Lib", "Tyuiu.BrovinaYV.Sprint0.Task3.V0.Lib\Tyuiu.BrovinaYV.Sprint0.Task3.V0.Lib.csproj", "{B133F6FF-F841-4790-801F-D80829664400}"
EndProject
Project("{FAE04EC0-301F-11D3-BF4B-00C04F79EFBC}") = "Tyuiu.BrovinaYV.Sprint0.Task3.V0.Test", "Tyuiu.BrovinaYV.Sprint0.Task3.V0.Test\Tyuiu.BrovinaYV.Sprint0.Task3.V0.Test.csproj", "{F24F22C2-AFA1-44E9-8A78-E07A9754E2F1}"
EndProject
Project("{2150E333-8FDC-42A3-9474-1A3956D46DE8}") = "Task4", "Task4", "{8F160EFD-43C1-47C5-BEE1-B0325F211946}"
EndProject
Project("{FAE04EC0-301F-11D3-BF4B-00C04F79EFBC}") = "Tyuiu.BrovinaYV.Sprint0.Task4.V0", "Tyuiu.BrovinaYV.Sprint0.Task4.V0\Tyuiu.BrovinaYV.Sprint0.Task4.V0.csproj", "{C69FA9B0-5112-4677-83F3-A2323CA969D5}"
EndProject
Project("{FAE04EC0-301F-11D3-BF4B-00C04F79EFBC}") = "Tyuiu.BrovinaYV.Sprint0.Task4.V0.Test", "Tyuiu.BrovinaYV.Sprint0.Task4.V0.Test\Tyuiu.BrovinaYV.Sprint0.Task4.V0.Test.csproj", "{84CF4AD1-DE25-40B0-A7FA-DBDDB492278E}"
EndProject
Project("{FAE04EC0-301F-11D3-BF4B-00C04F79EFBC}") = "Tyuiu.BrovinaYV.Sprint0.Task4.V0.Lib", "Tyuiu.BrovinaYV.Sprint0.Task4.V0.Lib\Tyuiu.BrovinaYV.Sprint0.Task4.V0.Lib.csproj", "{DB0B9470-38DC-4AA3-8441-B87C88339C63}"
EndProject
Project("{2150E333-8FDC-42A3-9474-1A3956D46DE8}") = "Task5", "Task5", "{C610B72C-BF1B-470F-96BC-AED95002C30F}"
EndProject
Project("{FAE04EC0-301F-11D3-BF4B-00C04F79EFBC}") = "Tyuiu.BrovinaYV.Sprint0.Task5.V0", "Tyuiu.BrovinaYV.Sprint0.Task5.V0\Tyuiu.BrovinaYV.Sprint0.Task5.V0.csproj", "{503FF4D2-61CF-462E-A3C8-ABD4D7E73FFD}"
EndProject
Project("{FAE04EC0-301F-11D3-BF4B-00C04F79EFBC}") = "Tyuiu.BrovinaYV.Sprint0.Task5.V0.Lib", "Tyuiu.BrovinaYV.Sprint0.Task5.V0.Lib\Tyuiu.BrovinaYV.Sprint0.Task5.V0.Lib.csproj", "{772F0C49-D31D-4CEB-8C9F-403F89033B2A}"
EndProject
Project("{FAE04EC0-301F-11D3-BF4B-00C04F79EFBC}") = "Tyuiu.BrovinaYV.Sprint0.Task5.V0.Test", "Tyuiu.BrovinaYV.Sprint0.Task5.V0.Test\Tyuiu.BrovinaYV.Sprint0.Task5.V0.Test.csproj", "{E5C09CF6-ADED-4711-932E-9DDB8AB8E1CE}"
EndProject
Project("{2150E333-8FDC-42A3-9474-1A3956D46DE8}") = "Task6", "Task6", "{A92EFFD5-22E6-4FF6-8382-51E4A291C197}"
EndProject
Project("{FAE04EC0-301F-11D3-BF4B-00C04F79EFBC}") = "Tyuiu.BrovinaYV.Sprint0.Task6.V0", "Tyuiu.BrovinaYV.Sprint0.Task6.V0\Tyuiu.BrovinaYV.Sprint0.Task6.V0.csproj", "{120697EA-87F4-44C3-BD91-3A76AF57FFBF}"
EndProject
Project("{FAE04EC0-301F-11D3-BF4B-00C04F79EFBC}") = "Tyuiu.BrovinaYV.Sprint0.Task6.V0.Test", "Tyuiu.BrovinaYV.Sprint0.Task6.V0.Test\Tyuiu.BrovinaYV.Sprint0.Task6.V0.Test.csproj", "{58C08254-9C7A-46CE-B513-B86431E1B031}"
EndProject
Project("{FAE04EC0-301F-11D3-BF4B-00C04F79EFBC}") = "Tyuiu.BrovinaYV.Sprint0.Task6.V0.Lib", "Tyuiu.BrovinaYV.Sprint0.Task6.V0.Lib\Tyuiu.BrovinaYV.Sprint0.Task6.V0.Lib.csproj", "{904EB512-9631-4610-BB71-A2F29F217041}"
EndProject
Project("{2150E333-8FDC-42A3-9474-1A3956D46DE8}") = "Task7", "Task7", "{C5ABDB25-5D0C-444D-88DB-C97B79354A2D}"
EndProject
Project("{FAE04EC0-301F-11D3-BF4B-00C04F79EFBC}") = "Tyuiu.BrovinaYV.Sprint0.Task7.V0", "Tyuiu.BrovinaYV.Sprint0.Task7.V0\Tyuiu.BrovinaYV.Sprint0.Task7.V0.csproj", "{EDFBB342-D04C-4717-9EEF-AD1FBBEAF126}"
EndProject
Project("{FAE04EC0-301F-11D3-BF4B-00C04F79EFBC}") = "Tyuiu.BrovinaYV.Sprint0.Task7.V0.Lib", "Tyuiu.BrovinaYV.Sprint0.Task7.V0.Lib\Tyuiu.BrovinaYV.Sprint0.Task7.V0.Lib.csproj", "{6A07F156-1675-43FD-BEE8-968B82962C15}"
EndProject
Project("{FAE04EC0-301F-11D3-BF4B-00C04F79EFBC}") = "Tyuiu.BrovinaYV.Sprint0.Task7.V0.Test", "Tyuiu.BrovinaYV.Sprint0.Task7.V0.Test\Tyuiu.BrovinaYV.Sprint0.Task7.V0.Test.csproj", "{1945A454-3CE1-46D6-9189-BCB302DCBC38}"
EndProject
Global
	GlobalSection(SolutionConfigurationPlatforms) = preSolution
		Debug|Any CPU = Debug|Any CPU
		Release|Any CPU = Release|Any CPU
	EndGlobalSection
	GlobalSection(ProjectConfigurationPlatforms) = postSolution
		{37E233D3-07B2-49C0-9898-959BF9804977}.Debug|Any CPU.ActiveCfg = Debug|Any CPU
		{37E233D3-07B2-49C0-9898-959BF9804977}.Debug|Any CPU.Build.0 = Debug|Any CPU
		{37E233D3-07B2-49C0-9898-959BF9804977}.Release|Any CPU.ActiveCfg = Release|Any CPU
		{37E233D3-07B2-49C0-9898-959BF9804977}.Release|Any CPU.Build.0 = Release|Any CPU
		{3ECC4DE7-6BDA-4214-B5A3-153C35167044}.Debug|Any CPU.ActiveCfg = Debug|Any CPU
		{3ECC4DE7-6BDA-4214-B5A3-153C35167044}.Debug|Any CPU.Build.0 = Debug|Any CPU
		{3ECC4DE7-6BDA-4214-B5A3-153C35167044}.Release|Any CPU.ActiveCfg = Release|Any CPU
		{3ECC4DE7-6BDA-4214-B5A3-153C35167044}.Release|Any CPU.Build.0 = Release|Any CPU
		{ED086213-B473-4AD2-A131-953E71111BC0}.Debug|Any CPU.ActiveCfg = Debug|Any CPU
		{ED086213-B473-4AD2-A131-953E71111BC0}.Debug|Any CPU.Build.0 = Debug|Any CPU
		{ED086213-B473-4AD2-A131-953E71111BC0}.Release|Any CPU.ActiveCfg = Release|Any CPU
		{ED086213-B473-4AD2-A131-953E71111BC0}.Release|Any CPU.Build.0 = Release|Any CPU
		{8A9094A9-515D-41F3-9B57-47C5F17C8CBC}.Debug|Any CPU.ActiveCfg = Debug|Any CPU
		{8A9094A9-515D-41F3-9B57-47C5F17C8CBC}.Debug|Any CPU.Build.0 = Debug|Any CPU
		{8A9094A9-515D-41F3-9B57-47C5F17C8CBC}.Release|Any CPU.ActiveCfg = Release|Any CPU
		{8A9094A9-515D-41F3-9B57-47C5F17C8CBC}.Release|Any CPU.Build.0 = Release|Any CPU
		{5B5D8FDE-5BCB-4350-B0E0-181DD7491F1A}.Debug|Any CPU.ActiveCfg = Debug|Any CPU
		{5B5D8FDE-5BCB-4350-B0E0-181DD7491F1A}.Debug|Any CPU.Build.0 = Debug|Any CPU
		{5B5D8FDE-5BCB-4350-B0E0-181DD7491F1A}.Release|Any CPU.ActiveCfg = Release|Any CPU
		{5B5D8FDE-5BCB-4350-B0E0-181DD7491F1A}.Release|Any CPU.Build.0 = Release|Any CPU
		{98BC7C45-24F7-4FF1-91F1-B4B38A10D235}.Debug|Any CPU.ActiveCfg = Debug|Any CPU
		{98BC7C45-24F7-4FF1-91F1-B4B38A10D235}.Debug|Any CPU.Build.0 = Debug|Any CPU
		{98BC7C45-24F7-4FF1-91F1-B4B38A10D235}.Release|Any CPU.ActiveCfg = Release|Any CPU
		{98BC7C45-24F7-4FF1-91F1-B4B38A10D235}.Release|Any CPU.Build.0 = Release|Any CPU
		{B133F6FF-F841-4790-801F-D80829664400}.Debug|Any CPU.ActiveCfg = Debug|Any CPU
		{B133F6FF-F841-4790-801F-D80829664400}.Debug|Any CPU.Build.0 = Debug|Any CPU
		{B133F6FF-F841-4790-801F-D80829664400}.Release|Any CPU.ActiveCfg = Release|Any CPU
		{B133F6FF-F841-4790-801F-D80829664400}.Release|Any CPU.Build.0 = Release|Any CPU
		{F24F22C2-AFA1-44E9-8A78-E07A9754E2F1}.Debug|Any CPU.ActiveCfg = Debug|Any CPU
		{F24F22C2-AFA1-44E9-8A78-E07A9754E2F1}.Debug|Any CPU.Build.0 = Debug|Any CPU
		{F24F22C2-AFA1-44E9-8A78-E07A9754E2F1}.Release|Any CPU.ActiveCfg = Release|Any CPU
		{F24F22C2-AFA1-44E9-8A78-E07A9754E2F1}.Release|Any CPU.Build.0 = Release|Any CPU
		{C69FA9B0-5112-4677-83F3-A2323CA969D5}.Debug|Any CPU.ActiveCfg = Debug|Any CPU
		{C69FA9B0-5112-4677-83F3-A2323CA969D5}.Debug|Any CPU.Build.0 = Debug|Any CPU
		{C69FA9B0-5112-4677-83F3-A2323CA969D5}.Release|Any CPU.ActiveCfg = Release|Any CPU
		{C69FA9B0-5112-4677-83F3-A2323CA969D5}.Release|Any CPU.Build.0 = Release|Any CPU
		{84CF4AD1-DE25-40B0-A7FA-DBDDB492278E}.Debug|Any CPU.ActiveCfg = Debug|Any CPU
		{84CF4AD1-DE25-40B0-A7FA-DBDDB492278E}.Debug|Any CPU.Build.0 = Debug|Any CPU
		{84CF4AD1-DE25-40B0-A7FA-DBDDB492278E}.Release|Any CPU.ActiveCfg = Release|Any CPU
		{84CF4AD1-DE25-40B0-A7FA-DBDDB492278E}.Release|Any CPU.Build.0 = Release|Any CPU
		{DB0B9470-38DC-4AA3-8441-B87C88339C63}.Debug|Any CPU.ActiveCfg = Debug|Any CPU
		{DB0B9470-38DC-4AA3-8441-B87C88339C63}.Debug|Any CPU.Build.0 = Debug|Any CPU
		{DB0B9470-38DC-4AA3-8441-B87C88339C63}.Release|Any CPU.ActiveCfg = Release|Any CPU
		{DB0B9470-38DC-4AA3-8441-B87C88339C63}.Release|Any CPU.Build.0 = Release|Any CPU
		{503FF4D2-61CF-462E-A3C8-ABD4D7E73FFD}.Debug|Any CPU.ActiveCfg = Debug|Any CPU
		{503FF4D2-61CF-462E-A3C8-ABD4D7E73FFD}.Debug|Any CPU.Build.0 = Debug|Any CPU
		{503FF4D2-61CF-462E-A3C8-ABD4D7E73FFD}.Release|Any CPU.ActiveCfg = Release|Any CPU
		{503FF4D2-61CF-462E-A3C8-ABD4D7E73FFD}.Release|Any CPU.Build.0 = Release|Any CPU
		{772F0C49-D31D-4CEB-8C9F-403F89033B2A}.Debug|Any CPU.ActiveCfg = Debug|Any CPU
		{772F0C49-D31D-4CEB-8C9F-403F89033B2A}.Debug|Any CPU.Build.0 = Debug|Any CPU
		{772F0C49-D31D-4CEB-8C9F-403F89033B2A}.Release|Any CPU.ActiveCfg = Release|Any CPU
		{772F0C49-D31D-4CEB-8C9F-403F89033B2A}.Release|Any CPU.Build.0 = Release|Any CPU
		{E5C09CF6-ADED-4711-932E-9DDB8AB8E1CE}.Debug|Any CPU.ActiveCfg = Debug|Any CPU
		{E5C09CF6-ADED-4711-932E-9DDB8AB8E1CE}.Debug|Any CPU.Build.0 = Debug|Any CPU
		{E5C09CF6-ADED-4711-932E-9DDB8AB8E1CE}.Release|Any CPU.ActiveCfg = Release|Any CPU
		{E5C09CF6-ADED-4711-932E-9DDB8AB8E1CE}.Release|Any CPU.Build.0 = Release|Any CPU
		{120697EA-87F4-44C3-BD91-3A76AF57FFBF}.Debug|Any CPU.ActiveCfg = Debug|Any CPU
		{120697EA-87F4-44C3-BD91-3A76AF57FFBF}.Debug|Any CPU.Build.0 = Debug|Any CPU
		{120697EA-87F4-44C3-BD91-3A76AF57FFBF}.Release|Any CPU.ActiveCfg = Release|Any CPU
		{120697EA-87F4-44C3-BD91-3A76AF57FFBF}.Release|Any CPU.Build.0 = Release|Any CPU
		{58C08254-9C7A-46CE-B513-B86431E1B031}.Debug|Any CPU.ActiveCfg = Debug|Any CPU
		{58C08254-9C7A-46CE-B513-B86431E1B031}.Debug|Any CPU.Build.0 = Debug|Any CPU
		{58C08254-9C7A-46CE-B513-B86431E1B031}.Release|Any CPU.ActiveCfg = Release|Any CPU
		{58C08254-9C7A-46CE-B513-B86431E1B031}.Release|Any CPU.Build.0 = Release|Any CPU
		{904EB512-9631-4610-BB71-A2F29F217041}.Debug|Any CPU.ActiveCfg = Debug|Any CPU
		{904EB512-9631-4610-BB71-A2F29F217041}.Debug|Any CPU.Build.0 = Debug|Any CPU
		{904EB512-9631-4610-BB71-A2F29F217041}.Release|Any CPU.ActiveCfg = Release|Any CPU
		{904EB512-9631-4610-BB71-A2F29F217041}.Release|Any CPU.Build.0 = Release|Any CPU
		{EDFBB342-D04C-4717-9EEF-AD1FBBEAF126}.Debug|Any CPU.ActiveCfg = Debug|Any CPU
		{EDFBB342-D04C-4717-9EEF-AD1FBBEAF126}.Debug|Any CPU.Build.0 = Debug|Any CPU
		{EDFBB342-D04C-4717-9EEF-AD1FBBEAF126}.Release|Any CPU.ActiveCfg = Release|Any CPU
		{EDFBB342-D04C-4717-9EEF-AD1FBBEAF126}.Release|Any CPU.Build.0 = Release|Any CPU
		{6A07F156-1675-43FD-BEE8-968B82962C15}.Debug|Any CPU.ActiveCfg = Debug|Any CPU
		{6A07F156-1675-43FD-BEE8-968B82962C15}.Debug|Any CPU.Build.0 = Debug|Any CPU
		{6A07F156-1675-43FD-BEE8-968B82962C15}.Release|Any CPU.ActiveCfg = Release|Any CPU
		{6A07F156-1675-43FD-BEE8-968B82962C15}.Release|Any CPU.Build.0 = Release|Any CPU
		{1945A454-3CE1-46D6-9189-BCB302DCBC38}.Debug|Any CPU.ActiveCfg = Debug|Any CPU
		{1945A454-3CE1-46D6-9189-BCB302DCBC38}.Debug|Any CPU.Build.0 = Debug|Any CPU
		{1945A454-3CE1-46D6-9189-BCB302DCBC38}.Release|Any CPU.ActiveCfg = Release|Any CPU
		{1945A454-3CE1-46D6-9189-BCB302DCBC38}.Release|Any CPU.Build.0 = Release|Any CPU
	EndGlobalSection
	GlobalSection(SolutionProperties) = preSolution
		HideSolutionNode = FALSE
	EndGlobalSection
	GlobalSection(NestedProjects) = preSolution
		{37E233D3-07B2-49C0-9898-959BF9804977} = {C59F7972-4AF2-4E33-A57A-748CD2114F7D}
		{3ECC4DE7-6BDA-4214-B5A3-153C35167044} = {AC00EFC5-2520-4458-AAA7-1F2D1493D8B5}
		{ED086213-B473-4AD2-A131-953E71111BC0} = {D66C4001-73B8-45B7-AD1D-03FDCDE01DFA}
		{8A9094A9-515D-41F3-9B57-47C5F17C8CBC} = {D66C4001-73B8-45B7-AD1D-03FDCDE01DFA}
		{5B5D8FDE-5BCB-4350-B0E0-181DD7491F1A} = {D66C4001-73B8-45B7-AD1D-03FDCDE01DFA}
		{98BC7C45-24F7-4FF1-91F1-B4B38A10D235} = {2787FE56-252B-4FE3-A1F2-72DA4A44A905}
		{B133F6FF-F841-4790-801F-D80829664400} = {2787FE56-252B-4FE3-A1F2-72DA4A44A905}
		{F24F22C2-AFA1-44E9-8A78-E07A9754E2F1} = {2787FE56-252B-4FE3-A1F2-72DA4A44A905}
		{C69FA9B0-5112-4677-83F3-A2323CA969D5} = {8F160EFD-43C1-47C5-BEE1-B0325F211946}
		{84CF4AD1-DE25-40B0-A7FA-DBDDB492278E} = {8F160EFD-43C1-47C5-BEE1-B0325F211946}
		{DB0B9470-38DC-4AA3-8441-B87C88339C63} = {8F160EFD-43C1-47C5-BEE1-B0325F211946}
		{503FF4D2-61CF-462E-A3C8-ABD4D7E73FFD} = {C610B72C-BF1B-470F-96BC-AED95002C30F}
		{772F0C49-D31D-4CEB-8C9F-403F89033B2A} = {C610B72C-BF1B-470F-96BC-AED95002C30F}
		{E5C09CF6-ADED-4711-932E-9DDB8AB8E1CE} = {C610B72C-BF1B-470F-96BC-AED95002C30F}
		{120697EA-87F4-44C3-BD91-3A76AF57FFBF} = {A92EFFD5-22E6-4FF6-8382-51E4A291C197}
		{58C08254-9C7A-46CE-B513-B86431E1B031} = {A92EFFD5-22E6-4FF6-8382-51E4A291C197}
		{904EB512-9631-4610-BB71-A2F29F217041} = {A92EFFD5-22E6-4FF6-8382-51E4A291C197}
		{EDFBB342-D04C-4717-9EEF-AD1FBBEAF126} = {C5ABDB25-5D0C-444D-88DB-C97B79354A2D}
		{6A07F156-1675-43FD-BEE8-968B82962C15} = {C5ABDB25-5D0C-444D-88DB-C97B79354A2D}
		{1945A454-3CE1-46D6-9189-BCB302DCBC38} = {C5ABDB25-5D0C-444D-88DB-C97B79354A2D}
	EndGlobalSection
	GlobalSection(ExtensibilityGlobals) = postSolution
		SolutionGuid = {C4EC0279-B845-4A1A-BF2B-CCAF674C29AB}
	EndGlobalSection
EndGlobal
